// !$*UTF8*$!
{
	archiveVersion = 1;
	classes = {
	};
	objectVersion = 56;
	objects = {

/* Begin PBXBuildFile section */
		B12881482A77595D00F2CC45 /* EssentialFeed.framework in Frameworks */ = {isa = PBXBuildFile; fileRef = B12881462A77595D00F2CC45 /* EssentialFeed.framework */; };
		B12881492A77595D00F2CC45 /* EssentialFeed.framework in Embed Frameworks */ = {isa = PBXBuildFile; fileRef = B12881462A77595D00F2CC45 /* EssentialFeed.framework */; settings = {ATTRIBUTES = (CodeSignOnCopy, RemoveHeadersOnCopy, ); }; };
		B128814A2A77595D00F2CC45 /* EssentialFeediOS.framework in Frameworks */ = {isa = PBXBuildFile; fileRef = B12881472A77595D00F2CC45 /* EssentialFeediOS.framework */; };
		B128814B2A77595D00F2CC45 /* EssentialFeediOS.framework in Embed Frameworks */ = {isa = PBXBuildFile; fileRef = B12881472A77595D00F2CC45 /* EssentialFeediOS.framework */; settings = {ATTRIBUTES = (CodeSignOnCopy, RemoveHeadersOnCopy, ); }; };
		B133115E2A7C5A480011DCEF /* FeedLoaderCacheDecoratorTests.swift in Sources */ = {isa = PBXBuildFile; fileRef = B133115D2A7C5A480011DCEF /* FeedLoaderCacheDecoratorTests.swift */; };
		B13311602A7C5AA40011DCEF /* FeedLoaderStub.swift in Sources */ = {isa = PBXBuildFile; fileRef = B133115F2A7C5AA40011DCEF /* FeedLoaderStub.swift */; };
		B13311622A7C5B900011DCEF /* XCTestCase+FeedLoader.swift in Sources */ = {isa = PBXBuildFile; fileRef = B13311612A7C5B900011DCEF /* XCTestCase+FeedLoader.swift */; };
		B13311662A7C5D750011DCEF /* FeedLoaderCacheDecorator.swift in Sources */ = {isa = PBXBuildFile; fileRef = B13311652A7C5D750011DCEF /* FeedLoaderCacheDecorator.swift */; };
		B13311682A7C5DE60011DCEF /* FeedImageDataLoaderCacheDecoratorTests.swift in Sources */ = {isa = PBXBuildFile; fileRef = B13311672A7C5DE60011DCEF /* FeedImageDataLoaderCacheDecoratorTests.swift */; };
		B133116A2A7C5E1C0011DCEF /* FeedImageDataLoaderSpy.swift in Sources */ = {isa = PBXBuildFile; fileRef = B13311692A7C5E1C0011DCEF /* FeedImageDataLoaderSpy.swift */; };
		B133116C2A7C5EA00011DCEF /* XCTestCase+FeedImageDataLoader.swift in Sources */ = {isa = PBXBuildFile; fileRef = B133116B2A7C5EA00011DCEF /* XCTestCase+FeedImageDataLoader.swift */; };
		B13311702A7C60240011DCEF /* FeedImageDataLoaderCacheDecorator.swift in Sources */ = {isa = PBXBuildFile; fileRef = B133116F2A7C60240011DCEF /* FeedImageDataLoaderCacheDecorator.swift */; };
		B158A1312A7753E7003F9B01 /* AppDelegate.swift in Sources */ = {isa = PBXBuildFile; fileRef = B158A1302A7753E7003F9B01 /* AppDelegate.swift */; };
		B158A1332A7753E7003F9B01 /* SceneDelegate.swift in Sources */ = {isa = PBXBuildFile; fileRef = B158A1322A7753E7003F9B01 /* SceneDelegate.swift */; };
		B158A1352A7753E7003F9B01 /* ViewController.swift in Sources */ = {isa = PBXBuildFile; fileRef = B158A1342A7753E7003F9B01 /* ViewController.swift */; };
		B158A1382A7753E7003F9B01 /* Main.storyboard in Resources */ = {isa = PBXBuildFile; fileRef = B158A1362A7753E7003F9B01 /* Main.storyboard */; };
		B158A13A2A7753E7003F9B01 /* Assets.xcassets in Resources */ = {isa = PBXBuildFile; fileRef = B158A1392A7753E7003F9B01 /* Assets.xcassets */; };
		B158A13D2A7753E7003F9B01 /* LaunchScreen.storyboard in Resources */ = {isa = PBXBuildFile; fileRef = B158A13B2A7753E7003F9B01 /* LaunchScreen.storyboard */; };
		B1BE9D262A82F225005C414E /* EssentialAppUIAcceptanceTests.swift in Sources */ = {isa = PBXBuildFile; fileRef = B1BE9D252A82F225005C414E /* EssentialAppUIAcceptanceTests.swift */; };
		B1CD34B62A82F60C00F87F13 /* DebuggingSceneDelegate.swift in Sources */ = {isa = PBXBuildFile; fileRef = B1CD34B52A82F60C00F87F13 /* DebuggingSceneDelegate.swift */; };
		B1F3E6052A79B8A70063841F /* FeedLoaderWithFallbackCompositeTests.swift in Sources */ = {isa = PBXBuildFile; fileRef = B1F3E6042A79B8A70063841F /* FeedLoaderWithFallbackCompositeTests.swift */; };
		B1F3E6072A79BA6C0063841F /* FeedLoaderWithFallbackComposite.swift in Sources */ = {isa = PBXBuildFile; fileRef = B1F3E6062A79BA6C0063841F /* FeedLoaderWithFallbackComposite.swift */; };
		B1F3E6092A79BAD60063841F /* FeedImageDataLoaderWithFallbackCompositeTests.swift in Sources */ = {isa = PBXBuildFile; fileRef = B1F3E6082A79BAD60063841F /* FeedImageDataLoaderWithFallbackCompositeTests.swift */; };
		B1F3E60B2A79BD080063841F /* FeedImageDataLoaderWithFallbackComposite.swift in Sources */ = {isa = PBXBuildFile; fileRef = B1F3E60A2A79BD080063841F /* FeedImageDataLoaderWithFallbackComposite.swift */; };
		B1F3E60E2A79BD5A0063841F /* XCTestCase+MemoryLeakTracking.swift in Sources */ = {isa = PBXBuildFile; fileRef = B1F3E60D2A79BD5A0063841F /* XCTestCase+MemoryLeakTracking.swift */; };
		B1F3E6102A79BDA80063841F /* SharedTestHelpers.swift in Sources */ = {isa = PBXBuildFile; fileRef = B1F3E60F2A79BDA80063841F /* SharedTestHelpers.swift */; };
/* End PBXBuildFile section */

/* Begin PBXContainerItemProxy section */
		B158A1442A7753E7003F9B01 /* PBXContainerItemProxy */ = {
			isa = PBXContainerItemProxy;
			containerPortal = B158A1252A7753E7003F9B01 /* Project object */;
			proxyType = 1;
			remoteGlobalIDString = B158A12C2A7753E7003F9B01;
			remoteInfo = EssentialApp;
		};
		B1BE9D292A82F225005C414E /* PBXContainerItemProxy */ = {
			isa = PBXContainerItemProxy;
			containerPortal = B158A1252A7753E7003F9B01 /* Project object */;
			proxyType = 1;
			remoteGlobalIDString = B158A12C2A7753E7003F9B01;
			remoteInfo = EssentialApp;
		};
/* End PBXContainerItemProxy section */

/* Begin PBXCopyFilesBuildPhase section */
		B128814C2A77595D00F2CC45 /* Embed Frameworks */ = {
			isa = PBXCopyFilesBuildPhase;
			buildActionMask = 2147483647;
			dstPath = "";
			dstSubfolderSpec = 10;
			files = (
				B12881492A77595D00F2CC45 /* EssentialFeed.framework in Embed Frameworks */,
				B128814B2A77595D00F2CC45 /* EssentialFeediOS.framework in Embed Frameworks */,
			);
			name = "Embed Frameworks";
			runOnlyForDeploymentPostprocessing = 0;
		};
/* End PBXCopyFilesBuildPhase section */

/* Begin PBXFileReference section */
		B12881462A77595D00F2CC45 /* EssentialFeed.framework */ = {isa = PBXFileReference; explicitFileType = wrapper.framework; path = EssentialFeed.framework; sourceTree = BUILT_PRODUCTS_DIR; };
		B12881472A77595D00F2CC45 /* EssentialFeediOS.framework */ = {isa = PBXFileReference; explicitFileType = wrapper.framework; path = EssentialFeediOS.framework; sourceTree = BUILT_PRODUCTS_DIR; };
		B133115D2A7C5A480011DCEF /* FeedLoaderCacheDecoratorTests.swift */ = {isa = PBXFileReference; lastKnownFileType = sourcecode.swift; path = FeedLoaderCacheDecoratorTests.swift; sourceTree = "<group>"; };
		B133115F2A7C5AA40011DCEF /* FeedLoaderStub.swift */ = {isa = PBXFileReference; lastKnownFileType = sourcecode.swift; path = FeedLoaderStub.swift; sourceTree = "<group>"; };
		B13311612A7C5B900011DCEF /* XCTestCase+FeedLoader.swift */ = {isa = PBXFileReference; lastKnownFileType = sourcecode.swift; path = "XCTestCase+FeedLoader.swift"; sourceTree = "<group>"; };
		B13311652A7C5D750011DCEF /* FeedLoaderCacheDecorator.swift */ = {isa = PBXFileReference; lastKnownFileType = sourcecode.swift; path = FeedLoaderCacheDecorator.swift; sourceTree = "<group>"; };
		B13311672A7C5DE60011DCEF /* FeedImageDataLoaderCacheDecoratorTests.swift */ = {isa = PBXFileReference; lastKnownFileType = sourcecode.swift; path = FeedImageDataLoaderCacheDecoratorTests.swift; sourceTree = "<group>"; };
		B13311692A7C5E1C0011DCEF /* FeedImageDataLoaderSpy.swift */ = {isa = PBXFileReference; lastKnownFileType = sourcecode.swift; path = FeedImageDataLoaderSpy.swift; sourceTree = "<group>"; };
		B133116B2A7C5EA00011DCEF /* XCTestCase+FeedImageDataLoader.swift */ = {isa = PBXFileReference; lastKnownFileType = sourcecode.swift; path = "XCTestCase+FeedImageDataLoader.swift"; sourceTree = "<group>"; };
		B133116F2A7C60240011DCEF /* FeedImageDataLoaderCacheDecorator.swift */ = {isa = PBXFileReference; lastKnownFileType = sourcecode.swift; path = FeedImageDataLoaderCacheDecorator.swift; sourceTree = "<group>"; };
		B158A12D2A7753E7003F9B01 /* EssentialApp.app */ = {isa = PBXFileReference; explicitFileType = wrapper.application; includeInIndex = 0; path = EssentialApp.app; sourceTree = BUILT_PRODUCTS_DIR; };
		B158A1302A7753E7003F9B01 /* AppDelegate.swift */ = {isa = PBXFileReference; lastKnownFileType = sourcecode.swift; path = AppDelegate.swift; sourceTree = "<group>"; };
		B158A1322A7753E7003F9B01 /* SceneDelegate.swift */ = {isa = PBXFileReference; lastKnownFileType = sourcecode.swift; path = SceneDelegate.swift; sourceTree = "<group>"; };
		B158A1342A7753E7003F9B01 /* ViewController.swift */ = {isa = PBXFileReference; lastKnownFileType = sourcecode.swift; path = ViewController.swift; sourceTree = "<group>"; };
		B158A1372A7753E7003F9B01 /* Base */ = {isa = PBXFileReference; lastKnownFileType = file.storyboard; name = Base; path = Base.lproj/Main.storyboard; sourceTree = "<group>"; };
		B158A1392A7753E7003F9B01 /* Assets.xcassets */ = {isa = PBXFileReference; lastKnownFileType = folder.assetcatalog; path = Assets.xcassets; sourceTree = "<group>"; };
		B158A13C2A7753E7003F9B01 /* Base */ = {isa = PBXFileReference; lastKnownFileType = file.storyboard; name = Base; path = Base.lproj/LaunchScreen.storyboard; sourceTree = "<group>"; };
		B158A13E2A7753E7003F9B01 /* Info.plist */ = {isa = PBXFileReference; lastKnownFileType = text.plist.xml; path = Info.plist; sourceTree = "<group>"; };
		B158A1432A7753E7003F9B01 /* EssentialAppTests.xctest */ = {isa = PBXFileReference; explicitFileType = wrapper.cfbundle; includeInIndex = 0; path = EssentialAppTests.xctest; sourceTree = BUILT_PRODUCTS_DIR; };
		B1BE9D1E2A82F17E005C414E /* EssentialApp.xctestplan */ = {isa = PBXFileReference; lastKnownFileType = text; path = EssentialApp.xctestplan; sourceTree = "<group>"; };
		B1BE9D232A82F225005C414E /* EssentialAppUIAcceptanceTests.xctest */ = {isa = PBXFileReference; explicitFileType = wrapper.cfbundle; includeInIndex = 0; path = EssentialAppUIAcceptanceTests.xctest; sourceTree = BUILT_PRODUCTS_DIR; };
		B1BE9D252A82F225005C414E /* EssentialAppUIAcceptanceTests.swift */ = {isa = PBXFileReference; lastKnownFileType = sourcecode.swift; path = EssentialAppUIAcceptanceTests.swift; sourceTree = "<group>"; };
		B1CD34B42A82F4CC00F87F13 /* EssentialAppUIAcceptanceTests.xctestplan */ = {isa = PBXFileReference; lastKnownFileType = text; path = EssentialAppUIAcceptanceTests.xctestplan; sourceTree = "<group>"; };
		B1CD34B52A82F60C00F87F13 /* DebuggingSceneDelegate.swift */ = {isa = PBXFileReference; lastKnownFileType = sourcecode.swift; path = DebuggingSceneDelegate.swift; sourceTree = "<group>"; };
		B1F3E6042A79B8A70063841F /* FeedLoaderWithFallbackCompositeTests.swift */ = {isa = PBXFileReference; lastKnownFileType = sourcecode.swift; path = FeedLoaderWithFallbackCompositeTests.swift; sourceTree = "<group>"; };
		B1F3E6062A79BA6C0063841F /* FeedLoaderWithFallbackComposite.swift */ = {isa = PBXFileReference; lastKnownFileType = sourcecode.swift; path = FeedLoaderWithFallbackComposite.swift; sourceTree = "<group>"; };
		B1F3E6082A79BAD60063841F /* FeedImageDataLoaderWithFallbackCompositeTests.swift */ = {isa = PBXFileReference; lastKnownFileType = sourcecode.swift; path = FeedImageDataLoaderWithFallbackCompositeTests.swift; sourceTree = "<group>"; };
		B1F3E60A2A79BD080063841F /* FeedImageDataLoaderWithFallbackComposite.swift */ = {isa = PBXFileReference; lastKnownFileType = sourcecode.swift; path = FeedImageDataLoaderWithFallbackComposite.swift; sourceTree = "<group>"; };
		B1F3E60D2A79BD5A0063841F /* XCTestCase+MemoryLeakTracking.swift */ = {isa = PBXFileReference; lastKnownFileType = sourcecode.swift; path = "XCTestCase+MemoryLeakTracking.swift"; sourceTree = "<group>"; };
		B1F3E60F2A79BDA80063841F /* SharedTestHelpers.swift */ = {isa = PBXFileReference; lastKnownFileType = sourcecode.swift; path = SharedTestHelpers.swift; sourceTree = "<group>"; };
/* End PBXFileReference section */

/* Begin PBXFrameworksBuildPhase section */
		B158A12A2A7753E7003F9B01 /* Frameworks */ = {
			isa = PBXFrameworksBuildPhase;
			buildActionMask = 2147483647;
			files = (
				B12881482A77595D00F2CC45 /* EssentialFeed.framework in Frameworks */,
				B128814A2A77595D00F2CC45 /* EssentialFeediOS.framework in Frameworks */,
			);
			runOnlyForDeploymentPostprocessing = 0;
		};
		B158A1402A7753E7003F9B01 /* Frameworks */ = {
			isa = PBXFrameworksBuildPhase;
			buildActionMask = 2147483647;
			files = (
			);
			runOnlyForDeploymentPostprocessing = 0;
		};
		B1BE9D202A82F225005C414E /* Frameworks */ = {
			isa = PBXFrameworksBuildPhase;
			buildActionMask = 2147483647;
			files = (
			);
			runOnlyForDeploymentPostprocessing = 0;
		};
/* End PBXFrameworksBuildPhase section */

/* Begin PBXGroup section */
		B12881452A77595D00F2CC45 /* Frameworks */ = {
			isa = PBXGroup;
			children = (
				B12881462A77595D00F2CC45 /* EssentialFeed.framework */,
				B12881472A77595D00F2CC45 /* EssentialFeediOS.framework */,
			);
			name = Frameworks;
			sourceTree = "<group>";
		};
		B158A1242A7753E7003F9B01 = {
			isa = PBXGroup;
			children = (
				B1CD34B42A82F4CC00F87F13 /* EssentialAppUIAcceptanceTests.xctestplan */,
				B1BE9D1E2A82F17E005C414E /* EssentialApp.xctestplan */,
				B158A12F2A7753E7003F9B01 /* EssentialApp */,
				B158A1462A7753E7003F9B01 /* EssentialAppTests */,
				B1BE9D242A82F225005C414E /* EssentialAppUIAcceptanceTests */,
				B158A12E2A7753E7003F9B01 /* Products */,
				B12881452A77595D00F2CC45 /* Frameworks */,
			);
			sourceTree = "<group>";
		};
		B158A12E2A7753E7003F9B01 /* Products */ = {
			isa = PBXGroup;
			children = (
				B158A12D2A7753E7003F9B01 /* EssentialApp.app */,
				B158A1432A7753E7003F9B01 /* EssentialAppTests.xctest */,
				B1BE9D232A82F225005C414E /* EssentialAppUIAcceptanceTests.xctest */,
			);
			name = Products;
			sourceTree = "<group>";
		};
		B158A12F2A7753E7003F9B01 /* EssentialApp */ = {
			isa = PBXGroup;
			children = (
				B158A1302A7753E7003F9B01 /* AppDelegate.swift */,
				B158A1322A7753E7003F9B01 /* SceneDelegate.swift */,
				B158A1342A7753E7003F9B01 /* ViewController.swift */,
				B158A1362A7753E7003F9B01 /* Main.storyboard */,
				B158A1392A7753E7003F9B01 /* Assets.xcassets */,
				B158A13B2A7753E7003F9B01 /* LaunchScreen.storyboard */,
				B158A13E2A7753E7003F9B01 /* Info.plist */,
				B1F3E6062A79BA6C0063841F /* FeedLoaderWithFallbackComposite.swift */,
				B1F3E60A2A79BD080063841F /* FeedImageDataLoaderWithFallbackComposite.swift */,
				B13311652A7C5D750011DCEF /* FeedLoaderCacheDecorator.swift */,
				B133116F2A7C60240011DCEF /* FeedImageDataLoaderCacheDecorator.swift */,
				B1CD34B52A82F60C00F87F13 /* DebuggingSceneDelegate.swift */,
			);
			path = EssentialApp;
			sourceTree = "<group>";
		};
		B158A1462A7753E7003F9B01 /* EssentialAppTests */ = {
			isa = PBXGroup;
			children = (
				B1F3E60C2A79BD520063841F /* Helpers */,
				B1F3E6042A79B8A70063841F /* FeedLoaderWithFallbackCompositeTests.swift */,
				B1F3E6082A79BAD60063841F /* FeedImageDataLoaderWithFallbackCompositeTests.swift */,
				B133115D2A7C5A480011DCEF /* FeedLoaderCacheDecoratorTests.swift */,
				B13311672A7C5DE60011DCEF /* FeedImageDataLoaderCacheDecoratorTests.swift */,
			);
			path = EssentialAppTests;
			sourceTree = "<group>";
		};
		B1BE9D242A82F225005C414E /* EssentialAppUIAcceptanceTests */ = {
			isa = PBXGroup;
			children = (
				B1BE9D252A82F225005C414E /* EssentialAppUIAcceptanceTests.swift */,
			);
			path = EssentialAppUIAcceptanceTests;
			sourceTree = "<group>";
		};
		B1F3E60C2A79BD520063841F /* Helpers */ = {
			isa = PBXGroup;
			children = (
				B1F3E60D2A79BD5A0063841F /* XCTestCase+MemoryLeakTracking.swift */,
				B1F3E60F2A79BDA80063841F /* SharedTestHelpers.swift */,
				B133115F2A7C5AA40011DCEF /* FeedLoaderStub.swift */,
				B13311612A7C5B900011DCEF /* XCTestCase+FeedLoader.swift */,
				B13311692A7C5E1C0011DCEF /* FeedImageDataLoaderSpy.swift */,
				B133116B2A7C5EA00011DCEF /* XCTestCase+FeedImageDataLoader.swift */,
			);
			path = Helpers;
			sourceTree = "<group>";
		};
/* End PBXGroup section */

/* Begin PBXNativeTarget section */
		B158A12C2A7753E7003F9B01 /* EssentialApp */ = {
			isa = PBXNativeTarget;
			buildConfigurationList = B158A1572A7753E7003F9B01 /* Build configuration list for PBXNativeTarget "EssentialApp" */;
			buildPhases = (
				B158A1292A7753E7003F9B01 /* Sources */,
				B158A12A2A7753E7003F9B01 /* Frameworks */,
				B158A12B2A7753E7003F9B01 /* Resources */,
				B128814C2A77595D00F2CC45 /* Embed Frameworks */,
			);
			buildRules = (
			);
			dependencies = (
			);
			name = EssentialApp;
			productName = EssentialApp;
			productReference = B158A12D2A7753E7003F9B01 /* EssentialApp.app */;
			productType = "com.apple.product-type.application";
		};
		B158A1422A7753E7003F9B01 /* EssentialAppTests */ = {
			isa = PBXNativeTarget;
			buildConfigurationList = B158A15A2A7753E7003F9B01 /* Build configuration list for PBXNativeTarget "EssentialAppTests" */;
			buildPhases = (
				B158A13F2A7753E7003F9B01 /* Sources */,
				B158A1402A7753E7003F9B01 /* Frameworks */,
				B158A1412A7753E7003F9B01 /* Resources */,
			);
			buildRules = (
			);
			dependencies = (
				B158A1452A7753E7003F9B01 /* PBXTargetDependency */,
			);
			name = EssentialAppTests;
			productName = EssentialAppTests;
			productReference = B158A1432A7753E7003F9B01 /* EssentialAppTests.xctest */;
			productType = "com.apple.product-type.bundle.unit-test";
		};
		B1BE9D222A82F225005C414E /* EssentialAppUIAcceptanceTests */ = {
			isa = PBXNativeTarget;
			buildConfigurationList = B1BE9D2B2A82F225005C414E /* Build configuration list for PBXNativeTarget "EssentialAppUIAcceptanceTests" */;
			buildPhases = (
				B1BE9D1F2A82F225005C414E /* Sources */,
				B1BE9D202A82F225005C414E /* Frameworks */,
				B1BE9D212A82F225005C414E /* Resources */,
			);
			buildRules = (
			);
			dependencies = (
				B1BE9D2A2A82F225005C414E /* PBXTargetDependency */,
			);
			name = EssentialAppUIAcceptanceTests;
			productName = EssentialAppUIAcceptanceTests;
			productReference = B1BE9D232A82F225005C414E /* EssentialAppUIAcceptanceTests.xctest */;
			productType = "com.apple.product-type.bundle.ui-testing";
		};
/* End PBXNativeTarget section */

/* Begin PBXProject section */
		B158A1252A7753E7003F9B01 /* Project object */ = {
			isa = PBXProject;
			attributes = {
				BuildIndependentTargetsInParallel = 1;
				LastSwiftUpdateCheck = 1430;
				LastUpgradeCheck = 1430;
				TargetAttributes = {
					B158A12C2A7753E7003F9B01 = {
						CreatedOnToolsVersion = 14.3.1;
					};
					B158A1422A7753E7003F9B01 = {
						CreatedOnToolsVersion = 14.3.1;
						LastSwiftMigration = 1430;
						TestTargetID = B158A12C2A7753E7003F9B01;
					};
					B1BE9D222A82F225005C414E = {
						CreatedOnToolsVersion = 14.3.1;
						TestTargetID = B158A12C2A7753E7003F9B01;
					};
				};
			};
			buildConfigurationList = B158A1282A7753E7003F9B01 /* Build configuration list for PBXProject "EssentialApp" */;
			compatibilityVersion = "Xcode 14.0";
			developmentRegion = en;
			hasScannedForEncodings = 0;
			knownRegions = (
				en,
				Base,
			);
			mainGroup = B158A1242A7753E7003F9B01;
			productRefGroup = B158A12E2A7753E7003F9B01 /* Products */;
			projectDirPath = "";
			projectRoot = "";
			targets = (
				B158A12C2A7753E7003F9B01 /* EssentialApp */,
				B158A1422A7753E7003F9B01 /* EssentialAppTests */,
				B1BE9D222A82F225005C414E /* EssentialAppUIAcceptanceTests */,
			);
		};
/* End PBXProject section */

/* Begin PBXResourcesBuildPhase section */
		B158A12B2A7753E7003F9B01 /* Resources */ = {
			isa = PBXResourcesBuildPhase;
			buildActionMask = 2147483647;
			files = (
				B158A13D2A7753E7003F9B01 /* LaunchScreen.storyboard in Resources */,
				B158A13A2A7753E7003F9B01 /* Assets.xcassets in Resources */,
				B158A1382A7753E7003F9B01 /* Main.storyboard in Resources */,
			);
			runOnlyForDeploymentPostprocessing = 0;
		};
		B158A1412A7753E7003F9B01 /* Resources */ = {
			isa = PBXResourcesBuildPhase;
			buildActionMask = 2147483647;
			files = (
			);
			runOnlyForDeploymentPostprocessing = 0;
		};
		B1BE9D212A82F225005C414E /* Resources */ = {
			isa = PBXResourcesBuildPhase;
			buildActionMask = 2147483647;
			files = (
			);
			runOnlyForDeploymentPostprocessing = 0;
		};
/* End PBXResourcesBuildPhase section */

/* Begin PBXSourcesBuildPhase section */
		B158A1292A7753E7003F9B01 /* Sources */ = {
			isa = PBXSourcesBuildPhase;
			buildActionMask = 2147483647;
			files = (
				B158A1352A7753E7003F9B01 /* ViewController.swift in Sources */,
				B158A1312A7753E7003F9B01 /* AppDelegate.swift in Sources */,
				B1F3E6072A79BA6C0063841F /* FeedLoaderWithFallbackComposite.swift in Sources */,
				B13311662A7C5D750011DCEF /* FeedLoaderCacheDecorator.swift in Sources */,
				B1CD34B62A82F60C00F87F13 /* DebuggingSceneDelegate.swift in Sources */,
				B158A1332A7753E7003F9B01 /* SceneDelegate.swift in Sources */,
				B1F3E60B2A79BD080063841F /* FeedImageDataLoaderWithFallbackComposite.swift in Sources */,
				B13311702A7C60240011DCEF /* FeedImageDataLoaderCacheDecorator.swift in Sources */,
			);
			runOnlyForDeploymentPostprocessing = 0;
		};
		B158A13F2A7753E7003F9B01 /* Sources */ = {
			isa = PBXSourcesBuildPhase;
			buildActionMask = 2147483647;
			files = (
				B1F3E6102A79BDA80063841F /* SharedTestHelpers.swift in Sources */,
				B13311682A7C5DE60011DCEF /* FeedImageDataLoaderCacheDecoratorTests.swift in Sources */,
				B13311622A7C5B900011DCEF /* XCTestCase+FeedLoader.swift in Sources */,
				B133116C2A7C5EA00011DCEF /* XCTestCase+FeedImageDataLoader.swift in Sources */,
				B133115E2A7C5A480011DCEF /* FeedLoaderCacheDecoratorTests.swift in Sources */,
				B133116A2A7C5E1C0011DCEF /* FeedImageDataLoaderSpy.swift in Sources */,
				B1F3E6092A79BAD60063841F /* FeedImageDataLoaderWithFallbackCompositeTests.swift in Sources */,
				B1F3E6052A79B8A70063841F /* FeedLoaderWithFallbackCompositeTests.swift in Sources */,
				B13311602A7C5AA40011DCEF /* FeedLoaderStub.swift in Sources */,
				B1F3E60E2A79BD5A0063841F /* XCTestCase+MemoryLeakTracking.swift in Sources */,
			);
			runOnlyForDeploymentPostprocessing = 0;
		};
		B1BE9D1F2A82F225005C414E /* Sources */ = {
			isa = PBXSourcesBuildPhase;
			buildActionMask = 2147483647;
			files = (
				B1BE9D262A82F225005C414E /* EssentialAppUIAcceptanceTests.swift in Sources */,
			);
			runOnlyForDeploymentPostprocessing = 0;
		};
/* End PBXSourcesBuildPhase section */

/* Begin PBXTargetDependency section */
		B158A1452A7753E7003F9B01 /* PBXTargetDependency */ = {
			isa = PBXTargetDependency;
			target = B158A12C2A7753E7003F9B01 /* EssentialApp */;
			targetProxy = B158A1442A7753E7003F9B01 /* PBXContainerItemProxy */;
		};
		B1BE9D2A2A82F225005C414E /* PBXTargetDependency */ = {
			isa = PBXTargetDependency;
			target = B158A12C2A7753E7003F9B01 /* EssentialApp */;
			targetProxy = B1BE9D292A82F225005C414E /* PBXContainerItemProxy */;
		};
/* End PBXTargetDependency section */

/* Begin PBXVariantGroup section */
		B158A1362A7753E7003F9B01 /* Main.storyboard */ = {
			isa = PBXVariantGroup;
			children = (
				B158A1372A7753E7003F9B01 /* Base */,
			);
			name = Main.storyboard;
			sourceTree = "<group>";
		};
		B158A13B2A7753E7003F9B01 /* LaunchScreen.storyboard */ = {
			isa = PBXVariantGroup;
			children = (
				B158A13C2A7753E7003F9B01 /* Base */,
			);
			name = LaunchScreen.storyboard;
			sourceTree = "<group>";
		};
/* End PBXVariantGroup section */

/* Begin XCBuildConfiguration section */
		B158A1552A7753E7003F9B01 /* Debug */ = {
			isa = XCBuildConfiguration;
			buildSettings = {
				ALWAYS_SEARCH_USER_PATHS = NO;
				CLANG_ANALYZER_NONNULL = YES;
				CLANG_ANALYZER_NUMBER_OBJECT_CONVERSION = YES_AGGRESSIVE;
				CLANG_CXX_LANGUAGE_STANDARD = "gnu++20";
				CLANG_ENABLE_MODULES = YES;
				CLANG_ENABLE_OBJC_ARC = YES;
				CLANG_ENABLE_OBJC_WEAK = YES;
				CLANG_WARN_BLOCK_CAPTURE_AUTORELEASING = YES;
				CLANG_WARN_BOOL_CONVERSION = YES;
				CLANG_WARN_COMMA = YES;
				CLANG_WARN_CONSTANT_CONVERSION = YES;
				CLANG_WARN_DEPRECATED_OBJC_IMPLEMENTATIONS = YES;
				CLANG_WARN_DIRECT_OBJC_ISA_USAGE = YES_ERROR;
				CLANG_WARN_DOCUMENTATION_COMMENTS = YES;
				CLANG_WARN_EMPTY_BODY = YES;
				CLANG_WARN_ENUM_CONVERSION = YES;
				CLANG_WARN_INFINITE_RECURSION = YES;
				CLANG_WARN_INT_CONVERSION = YES;
				CLANG_WARN_NON_LITERAL_NULL_CONVERSION = YES;
				CLANG_WARN_OBJC_IMPLICIT_RETAIN_SELF = YES;
				CLANG_WARN_OBJC_LITERAL_CONVERSION = YES;
				CLANG_WARN_OBJC_ROOT_CLASS = YES_ERROR;
				CLANG_WARN_QUOTED_INCLUDE_IN_FRAMEWORK_HEADER = YES;
				CLANG_WARN_RANGE_LOOP_ANALYSIS = YES;
				CLANG_WARN_STRICT_PROTOTYPES = YES;
				CLANG_WARN_SUSPICIOUS_MOVE = YES;
				CLANG_WARN_UNGUARDED_AVAILABILITY = YES_AGGRESSIVE;
				CLANG_WARN_UNREACHABLE_CODE = YES;
				CLANG_WARN__DUPLICATE_METHOD_MATCH = YES;
				COPY_PHASE_STRIP = NO;
				DEBUG_INFORMATION_FORMAT = dwarf;
				ENABLE_STRICT_OBJC_MSGSEND = YES;
				ENABLE_TESTABILITY = YES;
				GCC_C_LANGUAGE_STANDARD = gnu11;
				GCC_DYNAMIC_NO_PIC = NO;
				GCC_NO_COMMON_BLOCKS = YES;
				GCC_OPTIMIZATION_LEVEL = 0;
				GCC_PREPROCESSOR_DEFINITIONS = (
					"DEBUG=1",
					"$(inherited)",
				);
				GCC_WARN_64_TO_32_BIT_CONVERSION = YES;
				GCC_WARN_ABOUT_RETURN_TYPE = YES_ERROR;
				GCC_WARN_UNDECLARED_SELECTOR = YES;
				GCC_WARN_UNINITIALIZED_AUTOS = YES_AGGRESSIVE;
				GCC_WARN_UNUSED_FUNCTION = YES;
				GCC_WARN_UNUSED_VARIABLE = YES;
				IPHONEOS_DEPLOYMENT_TARGET = 16.4;
				MTL_ENABLE_DEBUG_INFO = INCLUDE_SOURCE;
				MTL_FAST_MATH = YES;
				ONLY_ACTIVE_ARCH = YES;
				SDKROOT = iphoneos;
				SWIFT_ACTIVE_COMPILATION_CONDITIONS = DEBUG;
				SWIFT_OPTIMIZATION_LEVEL = "-Onone";
			};
			name = Debug;
		};
		B158A1562A7753E7003F9B01 /* Release */ = {
			isa = XCBuildConfiguration;
			buildSettings = {
				ALWAYS_SEARCH_USER_PATHS = NO;
				CLANG_ANALYZER_NONNULL = YES;
				CLANG_ANALYZER_NUMBER_OBJECT_CONVERSION = YES_AGGRESSIVE;
				CLANG_CXX_LANGUAGE_STANDARD = "gnu++20";
				CLANG_ENABLE_MODULES = YES;
				CLANG_ENABLE_OBJC_ARC = YES;
				CLANG_ENABLE_OBJC_WEAK = YES;
				CLANG_WARN_BLOCK_CAPTURE_AUTORELEASING = YES;
				CLANG_WARN_BOOL_CONVERSION = YES;
				CLANG_WARN_COMMA = YES;
				CLANG_WARN_CONSTANT_CONVERSION = YES;
				CLANG_WARN_DEPRECATED_OBJC_IMPLEMENTATIONS = YES;
				CLANG_WARN_DIRECT_OBJC_ISA_USAGE = YES_ERROR;
				CLANG_WARN_DOCUMENTATION_COMMENTS = YES;
				CLANG_WARN_EMPTY_BODY = YES;
				CLANG_WARN_ENUM_CONVERSION = YES;
				CLANG_WARN_INFINITE_RECURSION = YES;
				CLANG_WARN_INT_CONVERSION = YES;
				CLANG_WARN_NON_LITERAL_NULL_CONVERSION = YES;
				CLANG_WARN_OBJC_IMPLICIT_RETAIN_SELF = YES;
				CLANG_WARN_OBJC_LITERAL_CONVERSION = YES;
				CLANG_WARN_OBJC_ROOT_CLASS = YES_ERROR;
				CLANG_WARN_QUOTED_INCLUDE_IN_FRAMEWORK_HEADER = YES;
				CLANG_WARN_RANGE_LOOP_ANALYSIS = YES;
				CLANG_WARN_STRICT_PROTOTYPES = YES;
				CLANG_WARN_SUSPICIOUS_MOVE = YES;
				CLANG_WARN_UNGUARDED_AVAILABILITY = YES_AGGRESSIVE;
				CLANG_WARN_UNREACHABLE_CODE = YES;
				CLANG_WARN__DUPLICATE_METHOD_MATCH = YES;
				COPY_PHASE_STRIP = NO;
				DEBUG_INFORMATION_FORMAT = "dwarf-with-dsym";
				ENABLE_NS_ASSERTIONS = NO;
				ENABLE_STRICT_OBJC_MSGSEND = YES;
				GCC_C_LANGUAGE_STANDARD = gnu11;
				GCC_NO_COMMON_BLOCKS = YES;
				GCC_WARN_64_TO_32_BIT_CONVERSION = YES;
				GCC_WARN_ABOUT_RETURN_TYPE = YES_ERROR;
				GCC_WARN_UNDECLARED_SELECTOR = YES;
				GCC_WARN_UNINITIALIZED_AUTOS = YES_AGGRESSIVE;
				GCC_WARN_UNUSED_FUNCTION = YES;
				GCC_WARN_UNUSED_VARIABLE = YES;
				IPHONEOS_DEPLOYMENT_TARGET = 16.4;
				MTL_ENABLE_DEBUG_INFO = NO;
				MTL_FAST_MATH = YES;
				SDKROOT = iphoneos;
				SWIFT_COMPILATION_MODE = wholemodule;
				SWIFT_OPTIMIZATION_LEVEL = "-O";
				VALIDATE_PRODUCT = YES;
			};
			name = Release;
		};
		B158A1582A7753E7003F9B01 /* Debug */ = {
			isa = XCBuildConfiguration;
			buildSettings = {
				ASSETCATALOG_COMPILER_APPICON_NAME = AppIcon;
				ASSETCATALOG_COMPILER_GLOBAL_ACCENT_COLOR_NAME = AccentColor;
				CODE_SIGN_STYLE = Automatic;
				CURRENT_PROJECT_VERSION = 1;
				GENERATE_INFOPLIST_FILE = YES;
				INFOPLIST_FILE = EssentialApp/Info.plist;
				INFOPLIST_KEY_UIApplicationSupportsIndirectInputEvents = YES;
				INFOPLIST_KEY_UILaunchStoryboardName = LaunchScreen;
				INFOPLIST_KEY_UIMainStoryboardFile = Main;
				INFOPLIST_KEY_UISupportedInterfaceOrientations = UIInterfaceOrientationPortrait;
				INFOPLIST_KEY_UISupportedInterfaceOrientations_iPad = "UIInterfaceOrientationLandscapeLeft UIInterfaceOrientationLandscapeRight UIInterfaceOrientationPortrait UIInterfaceOrientationPortraitUpsideDown";
				LD_RUNPATH_SEARCH_PATHS = (
					"$(inherited)",
					"@executable_path/Frameworks",
				);
				MARKETING_VERSION = 1.0;
				PRODUCT_BUNDLE_IDENTIFIER = com.company.EssentialApp;
				PRODUCT_NAME = "$(TARGET_NAME)";
				SWIFT_EMIT_LOC_STRINGS = YES;
				SWIFT_VERSION = 5.0;
				TARGETED_DEVICE_FAMILY = "1,2";
			};
			name = Debug;
		};
		B158A1592A7753E7003F9B01 /* Release */ = {
			isa = XCBuildConfiguration;
			buildSettings = {
				ASSETCATALOG_COMPILER_APPICON_NAME = AppIcon;
				ASSETCATALOG_COMPILER_GLOBAL_ACCENT_COLOR_NAME = AccentColor;
				CODE_SIGN_STYLE = Automatic;
				CURRENT_PROJECT_VERSION = 1;
				GENERATE_INFOPLIST_FILE = YES;
				INFOPLIST_FILE = EssentialApp/Info.plist;
				INFOPLIST_KEY_UIApplicationSupportsIndirectInputEvents = YES;
				INFOPLIST_KEY_UILaunchStoryboardName = LaunchScreen;
				INFOPLIST_KEY_UIMainStoryboardFile = Main;
				INFOPLIST_KEY_UISupportedInterfaceOrientations = UIInterfaceOrientationPortrait;
				INFOPLIST_KEY_UISupportedInterfaceOrientations_iPad = "UIInterfaceOrientationLandscapeLeft UIInterfaceOrientationLandscapeRight UIInterfaceOrientationPortrait UIInterfaceOrientationPortraitUpsideDown";
				LD_RUNPATH_SEARCH_PATHS = (
					"$(inherited)",
					"@executable_path/Frameworks",
				);
				MARKETING_VERSION = 1.0;
				PRODUCT_BUNDLE_IDENTIFIER = com.company.EssentialApp;
				PRODUCT_NAME = "$(TARGET_NAME)";
				SWIFT_EMIT_LOC_STRINGS = YES;
				SWIFT_VERSION = 5.0;
				TARGETED_DEVICE_FAMILY = "1,2";
			};
			name = Release;
		};
		B158A15B2A7753E7003F9B01 /* Debug */ = {
			isa = XCBuildConfiguration;
			buildSettings = {
				ALWAYS_EMBED_SWIFT_STANDARD_LIBRARIES = YES;
				BUNDLE_LOADER = "$(TEST_HOST)";
				CLANG_ENABLE_MODULES = YES;
				CODE_SIGN_STYLE = Automatic;
				CURRENT_PROJECT_VERSION = 1;
				GENERATE_INFOPLIST_FILE = YES;
				IPHONEOS_DEPLOYMENT_TARGET = 16.4;
				MARKETING_VERSION = 1.0;
				PRODUCT_BUNDLE_IDENTIFIER = com.company.EssentialAppTests;
				PRODUCT_NAME = "$(TARGET_NAME)";
				SWIFT_EMIT_LOC_STRINGS = NO;
				SWIFT_OPTIMIZATION_LEVEL = "-Onone";
				SWIFT_VERSION = 5.0;
				TARGETED_DEVICE_FAMILY = "1,2";
				TEST_HOST = "$(BUILT_PRODUCTS_DIR)/EssentialApp.app/$(BUNDLE_EXECUTABLE_FOLDER_PATH)/EssentialApp";
			};
			name = Debug;
		};
		B158A15C2A7753E7003F9B01 /* Release */ = {
			isa = XCBuildConfiguration;
			buildSettings = {
				ALWAYS_EMBED_SWIFT_STANDARD_LIBRARIES = YES;
				BUNDLE_LOADER = "$(TEST_HOST)";
				CLANG_ENABLE_MODULES = YES;
				CODE_SIGN_STYLE = Automatic;
				CURRENT_PROJECT_VERSION = 1;
				GENERATE_INFOPLIST_FILE = YES;
				IPHONEOS_DEPLOYMENT_TARGET = 16.4;
				MARKETING_VERSION = 1.0;
				PRODUCT_BUNDLE_IDENTIFIER = com.company.EssentialAppTests;
				PRODUCT_NAME = "$(TARGET_NAME)";
				SWIFT_EMIT_LOC_STRINGS = NO;
				SWIFT_VERSION = 5.0;
				TARGETED_DEVICE_FAMILY = "1,2";
				TEST_HOST = "$(BUILT_PRODUCTS_DIR)/EssentialApp.app/$(BUNDLE_EXECUTABLE_FOLDER_PATH)/EssentialApp";
			};
			name = Release;
		};
		B1BE9D2C2A82F225005C414E /* Debug */ = {
			isa = XCBuildConfiguration;
			buildSettings = {
				CODE_SIGN_STYLE = Automatic;
				CURRENT_PROJECT_VERSION = 1;
				GENERATE_INFOPLIST_FILE = YES;
				MARKETING_VERSION = 1.0;
				PRODUCT_BUNDLE_IDENTIFIER = com.company.EssentialAppUIAcceptanceTests;
				PRODUCT_NAME = "$(TARGET_NAME)";
				SWIFT_EMIT_LOC_STRINGS = NO;
				SWIFT_VERSION = 5.0;
				TARGETED_DEVICE_FAMILY = "1,2";
				TEST_TARGET_NAME = EssentialApp;
			};
			name = Debug;
		};
		B1BE9D2D2A82F225005C414E /* Release */ = {
			isa = XCBuildConfiguration;
			buildSettings = {
				CODE_SIGN_STYLE = Automatic;
				CURRENT_PROJECT_VERSION = 1;
				GENERATE_INFOPLIST_FILE = YES;
				MARKETING_VERSION = 1.0;
				PRODUCT_BUNDLE_IDENTIFIER = com.company.EssentialAppUIAcceptanceTests;
				PRODUCT_NAME = "$(TARGET_NAME)";
				SWIFT_EMIT_LOC_STRINGS = NO;
				SWIFT_VERSION = 5.0;
				TARGETED_DEVICE_FAMILY = "1,2";
				TEST_TARGET_NAME = EssentialApp;
			};
			name = Release;
		};
/* End XCBuildConfiguration section */

/* Begin XCConfigurationList section */
		B158A1282A7753E7003F9B01 /* Build configuration list for PBXProject "EssentialApp" */ = {
			isa = XCConfigurationList;
			buildConfigurations = (
				B158A1552A7753E7003F9B01 /* Debug */,
				B158A1562A7753E7003F9B01 /* Release */,
			);
			defaultConfigurationIsVisible = 0;
			defaultConfigurationName = Release;
		};
		B158A1572A7753E7003F9B01 /* Build configuration list for PBXNativeTarget "EssentialApp" */ = {
			isa = XCConfigurationList;
			buildConfigurations = (
				B158A1582A7753E7003F9B01 /* Debug */,
				B158A1592A7753E7003F9B01 /* Release */,
			);
			defaultConfigurationIsVisible = 0;
			defaultConfigurationName = Release;
		};
		B158A15A2A7753E7003F9B01 /* Build configuration list for PBXNativeTarget "EssentialAppTests" */ = {
			isa = XCConfigurationList;
			buildConfigurations = (
				B158A15B2A7753E7003F9B01 /* Debug */,
				B158A15C2A7753E7003F9B01 /* Release */,
			);
			defaultConfigurationIsVisible = 0;
			defaultConfigurationName = Release;
		};
		B1BE9D2B2A82F225005C414E /* Build configuration list for PBXNativeTarget "EssentialAppUIAcceptanceTests" */ = {
			isa = XCConfigurationList;
			buildConfigurations = (
				B1BE9D2C2A82F225005C414E /* Debug */,
				B1BE9D2D2A82F225005C414E /* Release */,
			);
			defaultConfigurationIsVisible = 0;
			defaultConfigurationName = Release;
		};
/* End XCConfigurationList section */
	};
	rootObject = B158A1252A7753E7003F9B01 /* Project object */;
}
